
Microsoft Visual Studio Solution File, Format Version 12.00
# Visual Studio Version 16
VisualStudioVersion = 16.0.30406.217
MinimumVisualStudioVersion = 10.0.40219.1
Project("{FAE04EC0-301F-11D3-BF4B-00C04F79EFBC}") = "WpfApp1", "WpfApp1\WpfApp1.csproj", "{490128B3-5542-4140-B948-87DC483CD431}"
EndProject
Global
	GlobalSection(SolutionConfigurationPlatforms) = preSolution
		Debug|Any CPU = Debug|Any CPU
		Release|Any CPU = Release|Any CPU
	EndGlobalSection
	GlobalSection(ProjectConfigurationPlatforms) = postSolution
		{490128B3-5542-4140-B948-87DC483CD431}.Debug|Any CPU.ActiveCfg = Debug|Any CPU
		{490128B3-5542-4140-B948-87DC483CD431}.Debug|Any CPU.Build.0 = Debug|Any CPU
		{490128B3-5542-4140-B948-87DC483CD431}.Release|Any CPU.ActiveCfg = Release|Any CPU
		{490128B3-5542-4140-B948-87DC483CD431}.Release|Any CPU.Build.0 = Release|Any CPU
	EndGlobalSection
	GlobalSection(SolutionProperties) = preSolution
		HideSolutionNode = FALSE
	EndGlobalSection
	GlobalSection(ExtensibilityGlobals) = postSolution
		SolutionGuid = {9A05F6D0-83DC-4BD7-8C9E-B9D5D851FF02}
	EndGlobalSection
EndGlobal
